// !$*UTF8*$!
{
	archiveVersion = 1;
	classes = {
	};
	objectVersion = 50;
	objects = {

/* Begin PBXBuildFile section */
		2E5480B9217F6E9E00444BFE /* AppDelegate.swift in Sources */ = {isa = PBXBuildFile; fileRef = 2E5480B8217F6E9E00444BFE /* AppDelegate.swift */; };
		2E5480BB217F6E9E00444BFE /* ViewController.swift in Sources */ = {isa = PBXBuildFile; fileRef = 2E5480BA217F6E9E00444BFE /* ViewController.swift */; };
		2E5480BE217F6E9E00444BFE /* Main.storyboard in Resources */ = {isa = PBXBuildFile; fileRef = 2E5480BC217F6E9E00444BFE /* Main.storyboard */; };
		2E5480C0217F6EA000444BFE /* Assets.xcassets in Resources */ = {isa = PBXBuildFile; fileRef = 2E5480BF217F6EA000444BFE /* Assets.xcassets */; };
		2E5480C3217F6EA000444BFE /* LaunchScreen.storyboard in Resources */ = {isa = PBXBuildFile; fileRef = 2E5480C1217F6EA000444BFE /* LaunchScreen.storyboard */; };
		2E5480CE217F6EA000444BFE /* CodingTestSampleTests.swift in Sources */ = {isa = PBXBuildFile; fileRef = 2E5480CD217F6EA000444BFE /* CodingTestSampleTests.swift */; };
		2E5480D9217F6EA000444BFE /* CodingTestSampleUITests.swift in Sources */ = {isa = PBXBuildFile; fileRef = 2E5480D8217F6EA000444BFE /* CodingTestSampleUITests.swift */; };
		2E5480E8217F6EED00444BFE /* OtherStringSample.swift in Sources */ = {isa = PBXBuildFile; fileRef = 2E5480E7217F6EED00444BFE /* OtherStringSample.swift */; };
		2E5480EA217F716A00444BFE /* ArraySample.swift in Sources */ = {isa = PBXBuildFile; fileRef = 2E5480E9217F716A00444BFE /* ArraySample.swift */; };
		2E5480EC217F76A300444BFE /* IntSample.swift in Sources */ = {isa = PBXBuildFile; fileRef = 2E5480EB217F76A300444BFE /* IntSample.swift */; };
		2E5480EE217F78B300444BFE /* RegexSample.swift in Sources */ = {isa = PBXBuildFile; fileRef = 2E5480ED217F78B300444BFE /* RegexSample.swift */; };
		2E5480F021820F4C00444BFE /* SeparateStringSample.swift in Sources */ = {isa = PBXBuildFile; fileRef = 2E5480EF21820F4C00444BFE /* SeparateStringSample.swift */; };
		2E5480F221820F9400444BFE /* ExtractStringSample.swift in Sources */ = {isa = PBXBuildFile; fileRef = 2E5480F121820F9400444BFE /* ExtractStringSample.swift */; };
/* End PBXBuildFile section */

/* Begin PBXContainerItemProxy section */
		2E5480CA217F6EA000444BFE /* PBXContainerItemProxy */ = {
			isa = PBXContainerItemProxy;
			containerPortal = 2E5480AD217F6E9E00444BFE /* Project object */;
			proxyType = 1;
			remoteGlobalIDString = 2E5480B4217F6E9E00444BFE;
			remoteInfo = CodingTestSample;
		};
		2E5480D5217F6EA000444BFE /* PBXContainerItemProxy */ = {
			isa = PBXContainerItemProxy;
			containerPortal = 2E5480AD217F6E9E00444BFE /* Project object */;
			proxyType = 1;
			remoteGlobalIDString = 2E5480B4217F6E9E00444BFE;
			remoteInfo = CodingTestSample;
		};
/* End PBXContainerItemProxy section */

/* Begin PBXFileReference section */
		2E5480B5217F6E9E00444BFE /* CodingTestSample.app */ = {isa = PBXFileReference; explicitFileType = wrapper.application; includeInIndex = 0; path = CodingTestSample.app; sourceTree = BUILT_PRODUCTS_DIR; };
		2E5480B8217F6E9E00444BFE /* AppDelegate.swift */ = {isa = PBXFileReference; lastKnownFileType = sourcecode.swift; path = AppDelegate.swift; sourceTree = "<group>"; };
		2E5480BA217F6E9E00444BFE /* ViewController.swift */ = {isa = PBXFileReference; lastKnownFileType = sourcecode.swift; path = ViewController.swift; sourceTree = "<group>"; };
		2E5480BD217F6E9E00444BFE /* Base */ = {isa = PBXFileReference; lastKnownFileType = file.storyboard; name = Base; path = Base.lproj/Main.storyboard; sourceTree = "<group>"; };
		2E5480BF217F6EA000444BFE /* Assets.xcassets */ = {isa = PBXFileReference; lastKnownFileType = folder.assetcatalog; path = Assets.xcassets; sourceTree = "<group>"; };
		2E5480C2217F6EA000444BFE /* Base */ = {isa = PBXFileReference; lastKnownFileType = file.storyboard; name = Base; path = Base.lproj/LaunchScreen.storyboard; sourceTree = "<group>"; };
		2E5480C4217F6EA000444BFE /* Info.plist */ = {isa = PBXFileReference; lastKnownFileType = text.plist.xml; path = Info.plist; sourceTree = "<group>"; };
		2E5480C9217F6EA000444BFE /* CodingTestSampleTests.xctest */ = {isa = PBXFileReference; explicitFileType = wrapper.cfbundle; includeInIndex = 0; path = CodingTestSampleTests.xctest; sourceTree = BUILT_PRODUCTS_DIR; };
		2E5480CD217F6EA000444BFE /* CodingTestSampleTests.swift */ = {isa = PBXFileReference; lastKnownFileType = sourcecode.swift; path = CodingTestSampleTests.swift; sourceTree = "<group>"; };
		2E5480CF217F6EA000444BFE /* Info.plist */ = {isa = PBXFileReference; lastKnownFileType = text.plist.xml; path = Info.plist; sourceTree = "<group>"; };
		2E5480D4217F6EA000444BFE /* CodingTestSampleUITests.xctest */ = {isa = PBXFileReference; explicitFileType = wrapper.cfbundle; includeInIndex = 0; path = CodingTestSampleUITests.xctest; sourceTree = BUILT_PRODUCTS_DIR; };
		2E5480D8217F6EA000444BFE /* CodingTestSampleUITests.swift */ = {isa = PBXFileReference; lastKnownFileType = sourcecode.swift; path = CodingTestSampleUITests.swift; sourceTree = "<group>"; };
		2E5480DA217F6EA000444BFE /* Info.plist */ = {isa = PBXFileReference; lastKnownFileType = text.plist.xml; path = Info.plist; sourceTree = "<group>"; };
		2E5480E7217F6EED00444BFE /* OtherStringSample.swift */ = {isa = PBXFileReference; lastKnownFileType = sourcecode.swift; path = OtherStringSample.swift; sourceTree = "<group>"; };
		2E5480E9217F716A00444BFE /* ArraySample.swift */ = {isa = PBXFileReference; lastKnownFileType = sourcecode.swift; path = ArraySample.swift; sourceTree = "<group>"; };
		2E5480EB217F76A300444BFE /* IntSample.swift */ = {isa = PBXFileReference; lastKnownFileType = sourcecode.swift; path = IntSample.swift; sourceTree = "<group>"; };
		2E5480ED217F78B300444BFE /* RegexSample.swift */ = {isa = PBXFileReference; lastKnownFileType = sourcecode.swift; path = RegexSample.swift; sourceTree = "<group>"; };
		2E5480EF21820F4C00444BFE /* SeparateStringSample.swift */ = {isa = PBXFileReference; lastKnownFileType = sourcecode.swift; path = SeparateStringSample.swift; sourceTree = "<group>"; };
		2E5480F121820F9400444BFE /* ExtractStringSample.swift */ = {isa = PBXFileReference; lastKnownFileType = sourcecode.swift; path = ExtractStringSample.swift; sourceTree = "<group>"; };
/* End PBXFileReference section */

/* Begin PBXFrameworksBuildPhase section */
		2E5480B2217F6E9E00444BFE /* Frameworks */ = {
			isa = PBXFrameworksBuildPhase;
			buildActionMask = 2147483647;
			files = (
			);
			runOnlyForDeploymentPostprocessing = 0;
		};
		2E5480C6217F6EA000444BFE /* Frameworks */ = {
			isa = PBXFrameworksBuildPhase;
			buildActionMask = 2147483647;
			files = (
			);
			runOnlyForDeploymentPostprocessing = 0;
		};
		2E5480D1217F6EA000444BFE /* Frameworks */ = {
			isa = PBXFrameworksBuildPhase;
			buildActionMask = 2147483647;
			files = (
			);
			runOnlyForDeploymentPostprocessing = 0;
		};
/* End PBXFrameworksBuildPhase section */

/* Begin PBXGroup section */
		2E5480AC217F6E9E00444BFE = {
			isa = PBXGroup;
			children = (
				2E5480B7217F6E9E00444BFE /* CodingTestSample */,
				2E5480CC217F6EA000444BFE /* CodingTestSampleTests */,
				2E5480D7217F6EA000444BFE /* CodingTestSampleUITests */,
				2E5480B6217F6E9E00444BFE /* Products */,
			);
			sourceTree = "<group>";
		};
		2E5480B6217F6E9E00444BFE /* Products */ = {
			isa = PBXGroup;
			children = (
				2E5480B5217F6E9E00444BFE /* CodingTestSample.app */,
				2E5480C9217F6EA000444BFE /* CodingTestSampleTests.xctest */,
				2E5480D4217F6EA000444BFE /* CodingTestSampleUITests.xctest */,
			);
			name = Products;
			sourceTree = "<group>";
		};
		2E5480B7217F6E9E00444BFE /* CodingTestSample */ = {
			isa = PBXGroup;
			children = (
				2E5480E6217F6ED600444BFE /* String */,
				2E5480B8217F6E9E00444BFE /* AppDelegate.swift */,
				2E5480BA217F6E9E00444BFE /* ViewController.swift */,
				2E5480BC217F6E9E00444BFE /* Main.storyboard */,
				2E5480BF217F6EA000444BFE /* Assets.xcassets */,
				2E5480C1217F6EA000444BFE /* LaunchScreen.storyboard */,
				2E5480C4217F6EA000444BFE /* Info.plist */,
			);
			path = CodingTestSample;
			sourceTree = "<group>";
		};
		2E5480CC217F6EA000444BFE /* CodingTestSampleTests */ = {
			isa = PBXGroup;
			children = (
				2E5480CD217F6EA000444BFE /* CodingTestSampleTests.swift */,
				2E5480CF217F6EA000444BFE /* Info.plist */,
			);
			path = CodingTestSampleTests;
			sourceTree = "<group>";
		};
		2E5480D7217F6EA000444BFE /* CodingTestSampleUITests */ = {
			isa = PBXGroup;
			children = (
				2E5480D8217F6EA000444BFE /* CodingTestSampleUITests.swift */,
				2E5480DA217F6EA000444BFE /* Info.plist */,
			);
			path = CodingTestSampleUITests;
			sourceTree = "<group>";
		};
		2E5480E6217F6ED600444BFE /* String */ = {
			isa = PBXGroup;
			children = (
				2E5480E7217F6EED00444BFE /* OtherStringSample.swift */,
				2E5480E9217F716A00444BFE /* ArraySample.swift */,
				2E5480EB217F76A300444BFE /* IntSample.swift */,
				2E5480ED217F78B300444BFE /* RegexSample.swift */,
				2E5480EF21820F4C00444BFE /* SeparateStringSample.swift */,
				2E5480F121820F9400444BFE /* ExtractStringSample.swift */,
			);
			path = String;
			sourceTree = "<group>";
		};
/* End PBXGroup section */

/* Begin PBXNativeTarget section */
		2E5480B4217F6E9E00444BFE /* CodingTestSample */ = {
			isa = PBXNativeTarget;
			buildConfigurationList = 2E5480DD217F6EA000444BFE /* Build configuration list for PBXNativeTarget "CodingTestSample" */;
			buildPhases = (
				2E5480B1217F6E9E00444BFE /* Sources */,
				2E5480B2217F6E9E00444BFE /* Frameworks */,
				2E5480B3217F6E9E00444BFE /* Resources */,
			);
			buildRules = (
			);
			dependencies = (
			);
			name = CodingTestSample;
			productName = CodingTestSample;
			productReference = 2E5480B5217F6E9E00444BFE /* CodingTestSample.app */;
			productType = "com.apple.product-type.application";
		};
		2E5480C8217F6EA000444BFE /* CodingTestSampleTests */ = {
			isa = PBXNativeTarget;
			buildConfigurationList = 2E5480E0217F6EA000444BFE /* Build configuration list for PBXNativeTarget "CodingTestSampleTests" */;
			buildPhases = (
				2E5480C5217F6EA000444BFE /* Sources */,
				2E5480C6217F6EA000444BFE /* Frameworks */,
				2E5480C7217F6EA000444BFE /* Resources */,
			);
			buildRules = (
			);
			dependencies = (
				2E5480CB217F6EA000444BFE /* PBXTargetDependency */,
			);
			name = CodingTestSampleTests;
			productName = CodingTestSampleTests;
			productReference = 2E5480C9217F6EA000444BFE /* CodingTestSampleTests.xctest */;
			productType = "com.apple.product-type.bundle.unit-test";
		};
		2E5480D3217F6EA000444BFE /* CodingTestSampleUITests */ = {
			isa = PBXNativeTarget;
			buildConfigurationList = 2E5480E3217F6EA000444BFE /* Build configuration list for PBXNativeTarget "CodingTestSampleUITests" */;
			buildPhases = (
				2E5480D0217F6EA000444BFE /* Sources */,
				2E5480D1217F6EA000444BFE /* Frameworks */,
				2E5480D2217F6EA000444BFE /* Resources */,
			);
			buildRules = (
			);
			dependencies = (
				2E5480D6217F6EA000444BFE /* PBXTargetDependency */,
			);
			name = CodingTestSampleUITests;
			productName = CodingTestSampleUITests;
			productReference = 2E5480D4217F6EA000444BFE /* CodingTestSampleUITests.xctest */;
			productType = "com.apple.product-type.bundle.ui-testing";
		};
/* End PBXNativeTarget section */

/* Begin PBXProject section */
		2E5480AD217F6E9E00444BFE /* Project object */ = {
			isa = PBXProject;
			attributes = {
				LastSwiftUpdateCheck = 1000;
				LastUpgradeCheck = 1000;
				ORGANIZATIONNAME = "Takahiro Kato";
				TargetAttributes = {
					2E5480B4217F6E9E00444BFE = {
						CreatedOnToolsVersion = 10.0;
					};
					2E5480C8217F6EA000444BFE = {
						CreatedOnToolsVersion = 10.0;
						TestTargetID = 2E5480B4217F6E9E00444BFE;
					};
					2E5480D3217F6EA000444BFE = {
						CreatedOnToolsVersion = 10.0;
						TestTargetID = 2E5480B4217F6E9E00444BFE;
					};
				};
			};
			buildConfigurationList = 2E5480B0217F6E9E00444BFE /* Build configuration list for PBXProject "CodingTestSample" */;
			compatibilityVersion = "Xcode 9.3";
			developmentRegion = en;
			hasScannedForEncodings = 0;
			knownRegions = (
				en,
				Base,
			);
			mainGroup = 2E5480AC217F6E9E00444BFE;
			productRefGroup = 2E5480B6217F6E9E00444BFE /* Products */;
			projectDirPath = "";
			projectRoot = "";
			targets = (
				2E5480B4217F6E9E00444BFE /* CodingTestSample */,
				2E5480C8217F6EA000444BFE /* CodingTestSampleTests */,
				2E5480D3217F6EA000444BFE /* CodingTestSampleUITests */,
			);
		};
/* End PBXProject section */

/* Begin PBXResourcesBuildPhase section */
		2E5480B3217F6E9E00444BFE /* Resources */ = {
			isa = PBXResourcesBuildPhase;
			buildActionMask = 2147483647;
			files = (
				2E5480C3217F6EA000444BFE /* LaunchScreen.storyboard in Resources */,
				2E5480C0217F6EA000444BFE /* Assets.xcassets in Resources */,
				2E5480BE217F6E9E00444BFE /* Main.storyboard in Resources */,
			);
			runOnlyForDeploymentPostprocessing = 0;
		};
		2E5480C7217F6EA000444BFE /* Resources */ = {
			isa = PBXResourcesBuildPhase;
			buildActionMask = 2147483647;
			files = (
			);
			runOnlyForDeploymentPostprocessing = 0;
		};
		2E5480D2217F6EA000444BFE /* Resources */ = {
			isa = PBXResourcesBuildPhase;
			buildActionMask = 2147483647;
			files = (
			);
			runOnlyForDeploymentPostprocessing = 0;
		};
/* End PBXResourcesBuildPhase section */

/* Begin PBXSourcesBuildPhase section */
		2E5480B1217F6E9E00444BFE /* Sources */ = {
			isa = PBXSourcesBuildPhase;
			buildActionMask = 2147483647;
			files = (
				2E5480F221820F9400444BFE /* ExtractStringSample.swift in Sources */,
				2E5480BB217F6E9E00444BFE /* ViewController.swift in Sources */,
				2E5480EA217F716A00444BFE /* ArraySample.swift in Sources */,
				2E5480E8217F6EED00444BFE /* OtherStringSample.swift in Sources */,
				2E5480EE217F78B300444BFE /* RegexSample.swift in Sources */,
				2E5480F021820F4C00444BFE /* SeparateStringSample.swift in Sources */,
				2E5480B9217F6E9E00444BFE /* AppDelegate.swift in Sources */,
				2E5480EC217F76A300444BFE /* IntSample.swift in Sources */,
			);
			runOnlyForDeploymentPostprocessing = 0;
		};
		2E5480C5217F6EA000444BFE /* Sources */ = {
			isa = PBXSourcesBuildPhase;
			buildActionMask = 2147483647;
			files = (
				2E5480CE217F6EA000444BFE /* CodingTestSampleTests.swift in Sources */,
			);
			runOnlyForDeploymentPostprocessing = 0;
		};
		2E5480D0217F6EA000444BFE /* Sources */ = {
			isa = PBXSourcesBuildPhase;
			buildActionMask = 2147483647;
			files = (
				2E5480D9217F6EA000444BFE /* CodingTestSampleUITests.swift in Sources */,
			);
			runOnlyForDeploymentPostprocessing = 0;
		};
/* End PBXSourcesBuildPhase section */

/* Begin PBXTargetDependency section */
		2E5480CB217F6EA000444BFE /* PBXTargetDependency */ = {
			isa = PBXTargetDependency;
			target = 2E5480B4217F6E9E00444BFE /* CodingTestSample */;
			targetProxy = 2E5480CA217F6EA000444BFE /* PBXContainerItemProxy */;
		};
		2E5480D6217F6EA000444BFE /* PBXTargetDependency */ = {
			isa = PBXTargetDependency;
			target = 2E5480B4217F6E9E00444BFE /* CodingTestSample */;
			targetProxy = 2E5480D5217F6EA000444BFE /* PBXContainerItemProxy */;
		};
/* End PBXTargetDependency section */

/* Begin PBXVariantGroup section */
		2E5480BC217F6E9E00444BFE /* Main.storyboard */ = {
			isa = PBXVariantGroup;
			children = (
				2E5480BD217F6E9E00444BFE /* Base */,
			);
			name = Main.storyboard;
			sourceTree = "<group>";
		};
		2E5480C1217F6EA000444BFE /* LaunchScreen.storyboard */ = {
			isa = PBXVariantGroup;
			children = (
				2E5480C2217F6EA000444BFE /* Base */,
			);
			name = LaunchScreen.storyboard;
			sourceTree = "<group>";
		};
/* End PBXVariantGroup section */

/* Begin XCBuildConfiguration section */
		2E5480DB217F6EA000444BFE /* Debug */ = {
			isa = XCBuildConfiguration;
			buildSettings = {
				ALWAYS_SEARCH_USER_PATHS = NO;
				CLANG_ANALYZER_NONNULL = YES;
				CLANG_ANALYZER_NUMBER_OBJECT_CONVERSION = YES_AGGRESSIVE;
				CLANG_CXX_LANGUAGE_STANDARD = "gnu++14";
				CLANG_CXX_LIBRARY = "libc++";
				CLANG_ENABLE_MODULES = YES;
				CLANG_ENABLE_OBJC_ARC = YES;
				CLANG_ENABLE_OBJC_WEAK = YES;
				CLANG_WARN_BLOCK_CAPTURE_AUTORELEASING = YES;
				CLANG_WARN_BOOL_CONVERSION = YES;
				CLANG_WARN_COMMA = YES;
				CLANG_WARN_CONSTANT_CONVERSION = YES;
				CLANG_WARN_DEPRECATED_OBJC_IMPLEMENTATIONS = YES;
				CLANG_WARN_DIRECT_OBJC_ISA_USAGE = YES_ERROR;
				CLANG_WARN_DOCUMENTATION_COMMENTS = YES;
				CLANG_WARN_EMPTY_BODY = YES;
				CLANG_WARN_ENUM_CONVERSION = YES;
				CLANG_WARN_INFINITE_RECURSION = YES;
				CLANG_WARN_INT_CONVERSION = YES;
				CLANG_WARN_NON_LITERAL_NULL_CONVERSION = YES;
				CLANG_WARN_OBJC_IMPLICIT_RETAIN_SELF = YES;
				CLANG_WARN_OBJC_LITERAL_CONVERSION = YES;
				CLANG_WARN_OBJC_ROOT_CLASS = YES_ERROR;
				CLANG_WARN_RANGE_LOOP_ANALYSIS = YES;
				CLANG_WARN_STRICT_PROTOTYPES = YES;
				CLANG_WARN_SUSPICIOUS_MOVE = YES;
				CLANG_WARN_UNGUARDED_AVAILABILITY = YES_AGGRESSIVE;
				CLANG_WARN_UNREACHABLE_CODE = YES;
				CLANG_WARN__DUPLICATE_METHOD_MATCH = YES;
				CODE_SIGN_IDENTITY = "iPhone Developer";
				COPY_PHASE_STRIP = NO;
				DEBUG_INFORMATION_FORMAT = dwarf;
				ENABLE_STRICT_OBJC_MSGSEND = YES;
				ENABLE_TESTABILITY = YES;
				GCC_C_LANGUAGE_STANDARD = gnu11;
				GCC_DYNAMIC_NO_PIC = NO;
				GCC_NO_COMMON_BLOCKS = YES;
				GCC_OPTIMIZATION_LEVEL = 0;
				GCC_PREPROCESSOR_DEFINITIONS = (
					"DEBUG=1",
					"$(inherited)",
				);
				GCC_WARN_64_TO_32_BIT_CONVERSION = YES;
				GCC_WARN_ABOUT_RETURN_TYPE = YES_ERROR;
				GCC_WARN_UNDECLARED_SELECTOR = YES;
				GCC_WARN_UNINITIALIZED_AUTOS = YES_AGGRESSIVE;
				GCC_WARN_UNUSED_FUNCTION = YES;
				GCC_WARN_UNUSED_VARIABLE = YES;
				IPHONEOS_DEPLOYMENT_TARGET = 12.0;
				MTL_ENABLE_DEBUG_INFO = INCLUDE_SOURCE;
				MTL_FAST_MATH = YES;
				ONLY_ACTIVE_ARCH = YES;
				SDKROOT = iphoneos;
				SWIFT_ACTIVE_COMPILATION_CONDITIONS = DEBUG;
				SWIFT_OPTIMIZATION_LEVEL = "-Onone";
			};
			name = Debug;
		};
		2E5480DC217F6EA000444BFE /* Release */ = {
			isa = XCBuildConfiguration;
			buildSettings = {
				ALWAYS_SEARCH_USER_PATHS = NO;
				CLANG_ANALYZER_NONNULL = YES;
				CLANG_ANALYZER_NUMBER_OBJECT_CONVERSION = YES_AGGRESSIVE;
				CLANG_CXX_LANGUAGE_STANDARD = "gnu++14";
				CLANG_CXX_LIBRARY = "libc++";
				CLANG_ENABLE_MODULES = YES;
				CLANG_ENABLE_OBJC_ARC = YES;
				CLANG_ENABLE_OBJC_WEAK = YES;
				CLANG_WARN_BLOCK_CAPTURE_AUTORELEASING = YES;
				CLANG_WARN_BOOL_CONVERSION = YES;
				CLANG_WARN_COMMA = YES;
				CLANG_WARN_CONSTANT_CONVERSION = YES;
				CLANG_WARN_DEPRECATED_OBJC_IMPLEMENTATIONS = YES;
				CLANG_WARN_DIRECT_OBJC_ISA_USAGE = YES_ERROR;
				CLANG_WARN_DOCUMENTATION_COMMENTS = YES;
				CLANG_WARN_EMPTY_BODY = YES;
				CLANG_WARN_ENUM_CONVERSION = YES;
				CLANG_WARN_INFINITE_RECURSION = YES;
				CLANG_WARN_INT_CONVERSION = YES;
				CLANG_WARN_NON_LITERAL_NULL_CONVERSION = YES;
				CLANG_WARN_OBJC_IMPLICIT_RETAIN_SELF = YES;
				CLANG_WARN_OBJC_LITERAL_CONVERSION = YES;
				CLANG_WARN_OBJC_ROOT_CLASS = YES_ERROR;
				CLANG_WARN_RANGE_LOOP_ANALYSIS = YES;
				CLANG_WARN_STRICT_PROTOTYPES = YES;
				CLANG_WARN_SUSPICIOUS_MOVE = YES;
				CLANG_WARN_UNGUARDED_AVAILABILITY = YES_AGGRESSIVE;
				CLANG_WARN_UNREACHABLE_CODE = YES;
				CLANG_WARN__DUPLICATE_METHOD_MATCH = YES;
				CODE_SIGN_IDENTITY = "iPhone Developer";
				COPY_PHASE_STRIP = NO;
				DEBUG_INFORMATION_FORMAT = "dwarf-with-dsym";
				ENABLE_NS_ASSERTIONS = NO;
				ENABLE_STRICT_OBJC_MSGSEND = YES;
				GCC_C_LANGUAGE_STANDARD = gnu11;
				GCC_NO_COMMON_BLOCKS = YES;
				GCC_WARN_64_TO_32_BIT_CONVERSION = YES;
				GCC_WARN_ABOUT_RETURN_TYPE = YES_ERROR;
				GCC_WARN_UNDECLARED_SELECTOR = YES;
				GCC_WARN_UNINITIALIZED_AUTOS = YES_AGGRESSIVE;
				GCC_WARN_UNUSED_FUNCTION = YES;
				GCC_WARN_UNUSED_VARIABLE = YES;
				IPHONEOS_DEPLOYMENT_TARGET = 12.0;
				MTL_ENABLE_DEBUG_INFO = NO;
				MTL_FAST_MATH = YES;
				SDKROOT = iphoneos;
				SWIFT_COMPILATION_MODE = wholemodule;
				SWIFT_OPTIMIZATION_LEVEL = "-O";
				VALIDATE_PRODUCT = YES;
			};
			name = Release;
		};
		2E5480DE217F6EA000444BFE /* Debug */ = {
			isa = XCBuildConfiguration;
			buildSettings = {
				ASSETCATALOG_COMPILER_APPICON_NAME = AppIcon;
				CODE_SIGN_STYLE = Automatic;
				DEVELOPMENT_TEAM = 6J4XG67E62;
				INFOPLIST_FILE = CodingTestSample/Info.plist;
				LD_RUNPATH_SEARCH_PATHS = (
					"$(inherited)",
					"@executable_path/Frameworks",
				);
				PRODUCT_BUNDLE_IDENTIFIER = com.kato.CodingTestSample;
				PRODUCT_NAME = "$(TARGET_NAME)";
				SWIFT_VERSION = 4.2;
				TARGETED_DEVICE_FAMILY = "1,2";
			};
			name = Debug;
		};
		2E5480DF217F6EA000444BFE /* Release */ = {
			isa = XCBuildConfiguration;
			buildSettings = {
				ASSETCATALOG_COMPILER_APPICON_NAME = AppIcon;
				CODE_SIGN_STYLE = Automatic;
				DEVELOPMENT_TEAM = 6J4XG67E62;
				INFOPLIST_FILE = CodingTestSample/Info.plist;
				LD_RUNPATH_SEARCH_PATHS = (
					"$(inherited)",
					"@executable_path/Frameworks",
				);
				PRODUCT_BUNDLE_IDENTIFIER = com.kato.CodingTestSample;
				PRODUCT_NAME = "$(TARGET_NAME)";
				SWIFT_VERSION = 4.2;
				TARGETED_DEVICE_FAMILY = "1,2";
			};
			name = Release;
		};
		2E5480E1217F6EA000444BFE /* Debug */ = {
			isa = XCBuildConfiguration;
			buildSettings = {
				ALWAYS_EMBED_SWIFT_STANDARD_LIBRARIES = YES;
				BUNDLE_LOADER = "$(TEST_HOST)";
				CODE_SIGN_STYLE = Automatic;
				DEVELOPMENT_TEAM = 6J4XG67E62;
				INFOPLIST_FILE = CodingTestSampleTests/Info.plist;
				LD_RUNPATH_SEARCH_PATHS = (
					"$(inherited)",
					"@executable_path/Frameworks",
					"@loader_path/Frameworks",
				);
				PRODUCT_BUNDLE_IDENTIFIER = com.kato.CodingTestSampleTests;
				PRODUCT_NAME = "$(TARGET_NAME)";
				SWIFT_VERSION = 4.2;
				TARGETED_DEVICE_FAMILY = "1,2";
				TEST_HOST = "$(BUILT_PRODUCTS_DIR)/CodingTestSample.app/CodingTestSample";
			};
			name = Debug;
		};
		2E5480E2217F6EA000444BFE /* Release */ = {
			isa = XCBuildConfiguration;
			buildSettings = {
				ALWAYS_EMBED_SWIFT_STANDARD_LIBRARIES = YES;
				BUNDLE_LOADER = "$(TEST_HOST)";
				CODE_SIGN_STYLE = Automatic;
				DEVELOPMENT_TEAM = 6J4XG67E62;
				INFOPLIST_FILE = CodingTestSampleTests/Info.plist;
				LD_RUNPATH_SEARCH_PATHS = (
					"$(inherited)",
					"@executable_path/Frameworks",
					"@loader_path/Frameworks",
				);
				PRODUCT_BUNDLE_IDENTIFIER = com.kato.CodingTestSampleTests;
				PRODUCT_NAME = "$(TARGET_NAME)";
				SWIFT_VERSION = 4.2;
				TARGETED_DEVICE_FAMILY = "1,2";
				TEST_HOST = "$(BUILT_PRODUCTS_DIR)/CodingTestSample.app/CodingTestSample";
			};
			name = Release;
		};
		2E5480E4217F6EA000444BFE /* Debug */ = {
			isa = XCBuildConfiguration;
			buildSettings = {
				ALWAYS_EMBED_SWIFT_STANDARD_LIBRARIES = YES;
				CODE_SIGN_STYLE = Automatic;
				DEVELOPMENT_TEAM = 6J4XG67E62;
				INFOPLIST_FILE = CodingTestSampleUITests/Info.plist;
				LD_RUNPATH_SEARCH_PATHS = (
					"$(inherited)",
					"@executable_path/Frameworks",
					"@loader_path/Frameworks",
				);
				PRODUCT_BUNDLE_IDENTIFIER = com.kato.CodingTestSampleUITests;
				PRODUCT_NAME = "$(TARGET_NAME)";
				SWIFT_VERSION = 4.2;
				TARGETED_DEVICE_FAMILY = "1,2";
				TEST_TARGET_NAME = CodingTestSample;
			};
			name = Debug;
		};
		2E5480E5217F6EA000444BFE /* Release */ = {
			isa = XCBuildConfiguration;
			buildSettings = {
				ALWAYS_EMBED_SWIFT_STANDARD_LIBRARIES = YES;
				CODE_SIGN_STYLE = Automatic;
				DEVELOPMENT_TEAM = 6J4XG67E62;
				INFOPLIST_FILE = CodingTestSampleUITests/Info.plist;
				LD_RUNPATH_SEARCH_PATHS = (
					"$(inherited)",
					"@executable_path/Frameworks",
					"@loader_path/Frameworks",
				);
				PRODUCT_BUNDLE_IDENTIFIER = com.kato.CodingTestSampleUITests;
				PRODUCT_NAME = "$(TARGET_NAME)";
				SWIFT_VERSION = 4.2;
				TARGETED_DEVICE_FAMILY = "1,2";
				TEST_TARGET_NAME = CodingTestSample;
			};
			name = Release;
		};
/* End XCBuildConfiguration section */

/* Begin XCConfigurationList section */
		2E5480B0217F6E9E00444BFE /* Build configuration list for PBXProject "CodingTestSample" */ = {
			isa = XCConfigurationList;
			buildConfigurations = (
				2E5480DB217F6EA000444BFE /* Debug */,
				2E5480DC217F6EA000444BFE /* Release */,
			);
			defaultConfigurationIsVisible = 0;
			defaultConfigurationName = Release;
		};
		2E5480DD217F6EA000444BFE /* Build configuration list for PBXNativeTarget "CodingTestSample" */ = {
			isa = XCConfigurationList;
			buildConfigurations = (
				2E5480DE217F6EA000444BFE /* Debug */,
				2E5480DF217F6EA000444BFE /* Release */,
			);
			defaultConfigurationIsVisible = 0;
			defaultConfigurationName = Release;
		};
		2E5480E0217F6EA000444BFE /* Build configuration list for PBXNativeTarget "CodingTestSampleTests" */ = {
			isa = XCConfigurationList;
			buildConfigurations = (
				2E5480E1217F6EA000444BFE /* Debug */,
				2E5480E2217F6EA000444BFE /* Release */,
			);
			defaultConfigurationIsVisible = 0;
			defaultConfigurationName = Release;
		};
		2E5480E3217F6EA000444BFE /* Build configuration list for PBXNativeTarget "CodingTestSampleUITests" */ = {
			isa = XCConfigurationList;
			buildConfigurations = (
				2E5480E4217F6EA000444BFE /* Debug */,
				2E5480E5217F6EA000444BFE /* Release */,
			);
			defaultConfigurationIsVisible = 0;
			defaultConfigurationName = Release;
		};
/* End XCConfigurationList section */
	};
	rootObject = 2E5480AD217F6E9E00444BFE /* Project object */;
}
